// !$*UTF8*$!
{
	archiveVersion = 1;
	classes = {
	};
	objectVersion = 50;
	objects = {

/* Begin PBXBuildFile section */
		202FDFC3207B6862004782C7 /* AppDelegate.swift in Sources */ = {isa = PBXBuildFile; fileRef = 202FDFC2207B6862004782C7 /* AppDelegate.swift */; };
		202FDFC5207B6862004782C7 /* ViewController.swift in Sources */ = {isa = PBXBuildFile; fileRef = 202FDFC4207B6862004782C7 /* ViewController.swift */; };
		202FDFC8207B6862004782C7 /* Main.storyboard in Resources */ = {isa = PBXBuildFile; fileRef = 202FDFC6207B6862004782C7 /* Main.storyboard */; };
		202FDFCA207B6863004782C7 /* Assets.xcassets in Resources */ = {isa = PBXBuildFile; fileRef = 202FDFC9207B6863004782C7 /* Assets.xcassets */; };
		202FDFCD207B6863004782C7 /* LaunchScreen.storyboard in Resources */ = {isa = PBXBuildFile; fileRef = 202FDFCB207B6863004782C7 /* LaunchScreen.storyboard */; };
		202FDFD5207B6AB9004782C7 /* CameraExtension.swift in Sources */ = {isa = PBXBuildFile; fileRef = 202FDFD4207B6AB9004782C7 /* CameraExtension.swift */; };
		202FDFD7207B71BE004782C7 /* librairieExtension.swift in Sources */ = {isa = PBXBuildFile; fileRef = 202FDFD6207B71BE004782C7 /* librairieExtension.swift */; };
		202FDFDA207B734B004782C7 /* MobileNet.mlmodel in Sources */ = {isa = PBXBuildFile; fileRef = 202FDFD9207B734B004782C7 /* MobileNet.mlmodel */; };
		202FDFDC207B73A0004782C7 /* CoreMLExtension.swift in Sources */ = {isa = PBXBuildFile; fileRef = 202FDFDB207B73A0004782C7 /* CoreMLExtension.swift */; };
/* End PBXBuildFile section */

/* Begin PBXFileReference section */
		202FDFBF207B6862004782C7 /* IntroACoreML.app */ = {isa = PBXFileReference; explicitFileType = wrapper.application; includeInIndex = 0; path = IntroACoreML.app; sourceTree = BUILT_PRODUCTS_DIR; };
		202FDFC2207B6862004782C7 /* AppDelegate.swift */ = {isa = PBXFileReference; lastKnownFileType = sourcecode.swift; path = AppDelegate.swift; sourceTree = "<group>"; };
		202FDFC4207B6862004782C7 /* ViewController.swift */ = {isa = PBXFileReference; lastKnownFileType = sourcecode.swift; path = ViewController.swift; sourceTree = "<group>"; };
		202FDFC7207B6862004782C7 /* Base */ = {isa = PBXFileReference; lastKnownFileType = file.storyboard; name = Base; path = Base.lproj/Main.storyboard; sourceTree = "<group>"; };
		202FDFC9207B6863004782C7 /* Assets.xcassets */ = {isa = PBXFileReference; lastKnownFileType = folder.assetcatalog; path = Assets.xcassets; sourceTree = "<group>"; };
		202FDFCC207B6863004782C7 /* Base */ = {isa = PBXFileReference; lastKnownFileType = file.storyboard; name = Base; path = Base.lproj/LaunchScreen.storyboard; sourceTree = "<group>"; };
		202FDFCE207B6863004782C7 /* Info.plist */ = {isa = PBXFileReference; lastKnownFileType = text.plist.xml; path = Info.plist; sourceTree = "<group>"; };
		202FDFD4207B6AB9004782C7 /* CameraExtension.swift */ = {isa = PBXFileReference; lastKnownFileType = sourcecode.swift; path = CameraExtension.swift; sourceTree = "<group>"; };
		202FDFD6207B71BE004782C7 /* librairieExtension.swift */ = {isa = PBXFileReference; lastKnownFileType = sourcecode.swift; path = librairieExtension.swift; sourceTree = "<group>"; };
		202FDFD9207B734B004782C7 /* MobileNet.mlmodel */ = {isa = PBXFileReference; lastKnownFileType = file.mlmodel; path = MobileNet.mlmodel; sourceTree = "<group>"; };
		202FDFDB207B73A0004782C7 /* CoreMLExtension.swift */ = {isa = PBXFileReference; lastKnownFileType = sourcecode.swift; path = CoreMLExtension.swift; sourceTree = "<group>"; };
/* End PBXFileReference section */

/* Begin PBXFrameworksBuildPhase section */
		202FDFBC207B6862004782C7 /* Frameworks */ = {
			isa = PBXFrameworksBuildPhase;
			buildActionMask = 2147483647;
			files = (
			);
			runOnlyForDeploymentPostprocessing = 0;
		};
/* End PBXFrameworksBuildPhase section */

/* Begin PBXGroup section */
		202FDFB6207B6862004782C7 = {
			isa = PBXGroup;
			children = (
				202FDFC1207B6862004782C7 /* IntroACoreML */,
				202FDFC0207B6862004782C7 /* Products */,
			);
			sourceTree = "<group>";
		};
		202FDFC0207B6862004782C7 /* Products */ = {
			isa = PBXGroup;
			children = (
				202FDFBF207B6862004782C7 /* IntroACoreML.app */,
			);
			name = Products;
			sourceTree = "<group>";
		};
		202FDFC1207B6862004782C7 /* IntroACoreML */ = {
			isa = PBXGroup;
			children = (
				202FDFD8207B7332004782C7 /* CoreMLModel */,
				202FDFC2207B6862004782C7 /* AppDelegate.swift */,
				202FDFC4207B6862004782C7 /* ViewController.swift */,
				202FDFC6207B6862004782C7 /* Main.storyboard */,
				202FDFC9207B6863004782C7 /* Assets.xcassets */,
				202FDFCB207B6863004782C7 /* LaunchScreen.storyboard */,
				202FDFCE207B6863004782C7 /* Info.plist */,
				202FDFD4207B6AB9004782C7 /* CameraExtension.swift */,
				202FDFD6207B71BE004782C7 /* librairieExtension.swift */,
				202FDFDB207B73A0004782C7 /* CoreMLExtension.swift */,
			);
			path = IntroACoreML;
			sourceTree = "<group>";
		};
		202FDFD8207B7332004782C7 /* CoreMLModel */ = {
			isa = PBXGroup;
			children = (
				202FDFD9207B734B004782C7 /* MobileNet.mlmodel */,
			);
			path = CoreMLModel;
			sourceTree = "<group>";
		};
/* End PBXGroup section */

/* Begin PBXNativeTarget section */
		202FDFBE207B6862004782C7 /* IntroACoreML */ = {
			isa = PBXNativeTarget;
			buildConfigurationList = 202FDFD1207B6863004782C7 /* Build configuration list for PBXNativeTarget "IntroACoreML" */;
			buildPhases = (
				202FDFBB207B6862004782C7 /* Sources */,
				202FDFBC207B6862004782C7 /* Frameworks */,
				202FDFBD207B6862004782C7 /* Resources */,
			);
			buildRules = (
			);
			dependencies = (
			);
			name = IntroACoreML;
			productName = IntroACoreML;
			productReference = 202FDFBF207B6862004782C7 /* IntroACoreML.app */;
			productType = "com.apple.product-type.application";
		};
/* End PBXNativeTarget section */

/* Begin PBXProject section */
		202FDFB7207B6862004782C7 /* Project object */ = {
			isa = PBXProject;
			attributes = {
				LastSwiftUpdateCheck = 0930;
				LastUpgradeCheck = 0930;
				ORGANIZATIONNAME = "Dea-loC";
				TargetAttributes = {
					202FDFBE207B6862004782C7 = {
						CreatedOnToolsVersion = 9.3;
					};
				};
			};
			buildConfigurationList = 202FDFBA207B6862004782C7 /* Build configuration list for PBXProject "IntroACoreML" */;
			compatibilityVersion = "Xcode 9.3";
			developmentRegion = en;
			hasScannedForEncodings = 0;
			knownRegions = (
				en,
				Base,
			);
			mainGroup = 202FDFB6207B6862004782C7;
			productRefGroup = 202FDFC0207B6862004782C7 /* Products */;
			projectDirPath = "";
			projectRoot = "";
			targets = (
				202FDFBE207B6862004782C7 /* IntroACoreML */,
			);
		};
/* End PBXProject section */

/* Begin PBXResourcesBuildPhase section */
		202FDFBD207B6862004782C7 /* Resources */ = {
			isa = PBXResourcesBuildPhase;
			buildActionMask = 2147483647;
			files = (
				202FDFCD207B6863004782C7 /* LaunchScreen.storyboard in Resources */,
				202FDFCA207B6863004782C7 /* Assets.xcassets in Resources */,
				202FDFC8207B6862004782C7 /* Main.storyboard in Resources */,
			);
			runOnlyForDeploymentPostprocessing = 0;
		};
/* End PBXResourcesBuildPhase section */

/* Begin PBXSourcesBuildPhase section */
		202FDFBB207B6862004782C7 /* Sources */ = {
			isa = PBXSourcesBuildPhase;
			buildActionMask = 2147483647;
			files = (
				202FDFC5207B6862004782C7 /* ViewController.swift in Sources */,
				202FDFDA207B734B004782C7 /* MobileNet.mlmodel in Sources */,
				202FDFC3207B6862004782C7 /* AppDelegate.swift in Sources */,
				202FDFD5207B6AB9004782C7 /* CameraExtension.swift in Sources */,
				202FDFD7207B71BE004782C7 /* librairieExtension.swift in Sources */,
				202FDFDC207B73A0004782C7 /* CoreMLExtension.swift in Sources */,
			);
			runOnlyForDeploymentPostprocessing = 0;
		};
/* End PBXSourcesBuildPhase section */

/* Begin PBXVariantGroup section */
		202FDFC6207B6862004782C7 /* Main.storyboard */ = {
			isa = PBXVariantGroup;
			children = (
				202FDFC7207B6862004782C7 /* Base */,
			);
			name = Main.storyboard;
			sourceTree = "<group>";
		};
		202FDFCB207B6863004782C7 /* LaunchScreen.storyboard */ = {
			isa = PBXVariantGroup;
			children = (
				202FDFCC207B6863004782C7 /* Base */,
			);
			name = LaunchScreen.storyboard;
			sourceTree = "<group>";
		};
/* End PBXVariantGroup section */

/* Begin XCBuildConfiguration section */
		202FDFCF207B6863004782C7 /* Debug */ = {
			isa = XCBuildConfiguration;
			buildSettings = {
				ALWAYS_SEARCH_USER_PATHS = NO;
				CLANG_ANALYZER_NONNULL = YES;
				CLANG_ANALYZER_NUMBER_OBJECT_CONVERSION = YES_AGGRESSIVE;
				CLANG_CXX_LANGUAGE_STANDARD = "gnu++14";
				CLANG_CXX_LIBRARY = "libc++";
				CLANG_ENABLE_MODULES = YES;
				CLANG_ENABLE_OBJC_ARC = YES;
				CLANG_ENABLE_OBJC_WEAK = YES;
				CLANG_WARN_BLOCK_CAPTURE_AUTORELEASING = YES;
				CLANG_WARN_BOOL_CONVERSION = YES;
				CLANG_WARN_COMMA = YES;
				CLANG_WARN_CONSTANT_CONVERSION = YES;
				CLANG_WARN_DEPRECATED_OBJC_IMPLEMENTATIONS = YES;
				CLANG_WARN_DIRECT_OBJC_ISA_USAGE = YES_ERROR;
				CLANG_WARN_DOCUMENTATION_COMMENTS = YES;
				CLANG_WARN_EMPTY_BODY = YES;
				CLANG_WARN_ENUM_CONVERSION = YES;
				CLANG_WARN_INFINITE_RECURSION = YES;
				CLANG_WARN_INT_CONVERSION = YES;
				CLANG_WARN_NON_LITERAL_NULL_CONVERSION = YES;
				CLANG_WARN_OBJC_IMPLICIT_RETAIN_SELF = YES;
				CLANG_WARN_OBJC_LITERAL_CONVERSION = YES;
				CLANG_WARN_OBJC_ROOT_CLASS = YES_ERROR;
				CLANG_WARN_RANGE_LOOP_ANALYSIS = YES;
				CLANG_WARN_STRICT_PROTOTYPES = YES;
				CLANG_WARN_SUSPICIOUS_MOVE = YES;
				CLANG_WARN_UNGUARDED_AVAILABILITY = YES_AGGRESSIVE;
				CLANG_WARN_UNREACHABLE_CODE = YES;
				CLANG_WARN__DUPLICATE_METHOD_MATCH = YES;
				CODE_SIGN_IDENTITY = "iPhone Developer";
				COPY_PHASE_STRIP = NO;
				DEBUG_INFORMATION_FORMAT = dwarf;
				ENABLE_STRICT_OBJC_MSGSEND = YES;
				ENABLE_TESTABILITY = YES;
				GCC_C_LANGUAGE_STANDARD = gnu11;
				GCC_DYNAMIC_NO_PIC = NO;
				GCC_NO_COMMON_BLOCKS = YES;
				GCC_OPTIMIZATION_LEVEL = 0;
				GCC_PREPROCESSOR_DEFINITIONS = (
					"DEBUG=1",
					"$(inherited)",
				);
				GCC_WARN_64_TO_32_BIT_CONVERSION = YES;
				GCC_WARN_ABOUT_RETURN_TYPE = YES_ERROR;
				GCC_WARN_UNDECLARED_SELECTOR = YES;
				GCC_WARN_UNINITIALIZED_AUTOS = YES_AGGRESSIVE;
				GCC_WARN_UNUSED_FUNCTION = YES;
				GCC_WARN_UNUSED_VARIABLE = YES;
				IPHONEOS_DEPLOYMENT_TARGET = 11.3;
				MTL_ENABLE_DEBUG_INFO = YES;
				ONLY_ACTIVE_ARCH = YES;
				SDKROOT = iphoneos;
				SWIFT_ACTIVE_COMPILATION_CONDITIONS = DEBUG;
				SWIFT_OPTIMIZATION_LEVEL = "-Onone";
			};
			name = Debug;
		};
		202FDFD0207B6863004782C7 /* Release */ = {
			isa = XCBuildConfiguration;
			buildSettings = {
				ALWAYS_SEARCH_USER_PATHS = NO;
				CLANG_ANALYZER_NONNULL = YES;
				CLANG_ANALYZER_NUMBER_OBJECT_CONVERSION = YES_AGGRESSIVE;
				CLANG_CXX_LANGUAGE_STANDARD = "gnu++14";
				CLANG_CXX_LIBRARY = "libc++";
				CLANG_ENABLE_MODULES = YES;
				CLANG_ENABLE_OBJC_ARC = YES;
				CLANG_ENABLE_OBJC_WEAK = YES;
				CLANG_WARN_BLOCK_CAPTURE_AUTORELEASING = YES;
				CLANG_WARN_BOOL_CONVERSION = YES;
				CLANG_WARN_COMMA = YES;
				CLANG_WARN_CONSTANT_CONVERSION = YES;
				CLANG_WARN_DEPRECATED_OBJC_IMPLEMENTATIONS = YES;
				CLANG_WARN_DIRECT_OBJC_ISA_USAGE = YES_ERROR;
				CLANG_WARN_DOCUMENTATION_COMMENTS = YES;
				CLANG_WARN_EMPTY_BODY = YES;
				CLANG_WARN_ENUM_CONVERSION = YES;
				CLANG_WARN_INFINITE_RECURSION = YES;
				CLANG_WARN_INT_CONVERSION = YES;
				CLANG_WARN_NON_LITERAL_NULL_CONVERSION = YES;
				CLANG_WARN_OBJC_IMPLICIT_RETAIN_SELF = YES;
				CLANG_WARN_OBJC_LITERAL_CONVERSION = YES;
				CLANG_WARN_OBJC_ROOT_CLASS = YES_ERROR;
				CLANG_WARN_RANGE_LOOP_ANALYSIS = YES;
				CLANG_WARN_STRICT_PROTOTYPES = YES;
				CLANG_WARN_SUSPICIOUS_MOVE = YES;
				CLANG_WARN_UNGUARDED_AVAILABILITY = YES_AGGRESSIVE;
				CLANG_WARN_UNREACHABLE_CODE = YES;
				CLANG_WARN__DUPLICATE_METHOD_MATCH = YES;
				CODE_SIGN_IDENTITY = "iPhone Developer";
				COPY_PHASE_STRIP = NO;
				DEBUG_INFORMATION_FORMAT = "dwarf-with-dsym";
				ENABLE_NS_ASSERTIONS = NO;
				ENABLE_STRICT_OBJC_MSGSEND = YES;
				GCC_C_LANGUAGE_STANDARD = gnu11;
				GCC_NO_COMMON_BLOCKS = YES;
				GCC_WARN_64_TO_32_BIT_CONVERSION = YES;
				GCC_WARN_ABOUT_RETURN_TYPE = YES_ERROR;
				GCC_WARN_UNDECLARED_SELECTOR = YES;
				GCC_WARN_UNINITIALIZED_AUTOS = YES_AGGRESSIVE;
				GCC_WARN_UNUSED_FUNCTION = YES;
				GCC_WARN_UNUSED_VARIABLE = YES;
				IPHONEOS_DEPLOYMENT_TARGET = 11.3;
				MTL_ENABLE_DEBUG_INFO = NO;
				SDKROOT = iphoneos;
				SWIFT_COMPILATION_MODE = wholemodule;
				SWIFT_OPTIMIZATION_LEVEL = "-O";
				VALIDATE_PRODUCT = YES;
			};
			name = Release;
		};
		202FDFD2207B6863004782C7 /* Debug */ = {
			isa = XCBuildConfiguration;
			buildSettings = {
				ASSETCATALOG_COMPILER_APPICON_NAME = AppIcon;
				CODE_SIGN_STYLE = Automatic;
				DEVELOPMENT_TEAM = HM7W758N94;
				INFOPLIST_FILE = IntroACoreML/Info.plist;
				LD_RUNPATH_SEARCH_PATHS = (
					"$(inherited)",
					"@executable_path/Frameworks",
				);
				PRODUCT_BUNDLE_IDENTIFIER = com.dealoc.IntroACoreML;
				PRODUCT_NAME = "$(TARGET_NAME)";
				SWIFT_VERSION = 4.0;
				TARGETED_DEVICE_FAMILY = "1,2";
			};
			name = Debug;
		};
		202FDFD3207B6863004782C7 /* Release */ = {
			isa = XCBuildConfiguration;
			buildSettings = {
				ASSETCATALOG_COMPILER_APPICON_NAME = AppIcon;
				CODE_SIGN_STYLE = Automatic;
				DEVELOPMENT_TEAM = HM7W758N94;
				INFOPLIST_FILE = IntroACoreML/Info.plist;
				LD_RUNPATH_SEARCH_PATHS = (
					"$(inherited)",
					"@executable_path/Frameworks",
				);
				PRODUCT_BUNDLE_IDENTIFIER = com.dealoc.IntroACoreML;
				PRODUCT_NAME = "$(TARGET_NAME)";
				SWIFT_VERSION = 4.0;
				TARGETED_DEVICE_FAMILY = "1,2";
			};
			name = Release;
		};
/* End XCBuildConfiguration section */

/* Begin XCConfigurationList section */
		202FDFBA207B6862004782C7 /* Build configuration list for PBXProject "IntroACoreML" */ = {
			isa = XCConfigurationList;
			buildConfigurations = (
				202FDFCF207B6863004782C7 /* Debug */,
				202FDFD0207B6863004782C7 /* Release */,
			);
			defaultConfigurationIsVisible = 0;
			defaultConfigurationName = Release;
		};
		202FDFD1207B6863004782C7 /* Build configuration list for PBXNativeTarget "IntroACoreML" */ = {
			isa = XCConfigurationList;
			buildConfigurations = (
				202FDFD2207B6863004782C7 /* Debug */,
				202FDFD3207B6863004782C7 /* Release */,
			);
			defaultConfigurationIsVisible = 0;
			defaultConfigurationName = Release;
		};
/* End XCConfigurationList section */
	};
	rootObject = 202FDFB7207B6862004782C7 /* Project object */;
}
